
Microsoft Visual Studio Solution File, Format Version 12.00
# Visual Studio Version 17
VisualStudioVersion = 17.4.33213.308
MinimumVisualStudioVersion = 10.0.40219.1
Project("{9A19103F-16F7-4668-BE54-9A1E7A4F7556}") = "DataFilterWrongInputType", "DataFilterWrongInputType.csproj", "{001D94E4-21AD-4E33-AB4E-045E3D632B17}"
EndProject
Global
	GlobalSection(SolutionConfigurationPlatforms) = preSolution
		Debug|Any CPU = Debug|Any CPU
		Release|Any CPU = Release|Any CPU
	EndGlobalSection
	GlobalSection(ProjectConfigurationPlatforms) = postSolution
		{001D94E4-21AD-4E33-AB4E-045E3D632B17}.Debug|Any CPU.ActiveCfg = Debug|Any CPU
		{001D94E4-21AD-4E33-AB4E-045E3D632B17}.Debug|Any CPU.Build.0 = Debug|Any CPU
		{001D94E4-21AD-4E33-AB4E-045E3D632B17}.Release|Any CPU.ActiveCfg = Release|Any CPU
		{001D94E4-21AD-4E33-AB4E-045E3D632B17}.Release|Any CPU.Build.0 = Release|Any CPU
	EndGlobalSection
	GlobalSection(SolutionProperties) = preSolution
		HideSolutionNode = FALSE
	EndGlobalSection
	GlobalSection(ExtensibilityGlobals) = postSolution
		SolutionGuid = {071B6C11-B23D-4B74-AE90-DE1168C43755}
	EndGlobalSection
EndGlobal
